
Microsoft Visual Studio Solution File, Format Version 12.00
# Visual Studio 15
VisualStudioVersion = 15.0.26124.0
MinimumVisualStudioVersion = 15.0.26124.0
Project("{FAE04EC0-301F-11D3-BF4B-00C04F79EFBC}") = "SampleBasicLogging", "SampleBasicLogging\SampleBasicLogging.csproj", "{6D53F280-BC37-4BC0-B08D-2B1D2A948A66}"
EndProject
Project("{FAE04EC0-301F-11D3-BF4B-00C04F79EFBC}") = "Liftoff.Logging", "Liftoff.Logging\Liftoff.Logging.csproj", "{0EBFD238-1B46-440E-82C6-79634A7B549D}"
EndProject
Project("{FAE04EC0-301F-11D3-BF4B-00C04F79EFBC}") = "Liftoff.Config", "Liftoff.Config\Liftoff.Config.csproj", "{E135CC74-0885-4D74-95CC-D9BE3CF9D51C}"
EndProject
Project("{FAE04EC0-301F-11D3-BF4B-00C04F79EFBC}") = "Liftoff.Tests", "Liftoff.Tests\Liftoff.Tests.csproj", "{45B1CEFC-E490-4A6B-BD62-52725BD8CAB1}"
EndProject
Project("{FAE04EC0-301F-11D3-BF4B-00C04F79EFBC}") = "Liftoff.Service", "Liftoff.Service\Liftoff.Service.csproj", "{A8DF0C8E-589B-4763-B59C-6DFAAED2958C}"
EndProject
Project("{FAE04EC0-301F-11D3-BF4B-00C04F79EFBC}") = "SampleService", "SampleService\SampleService.csproj", "{66BBA925-404A-48B7-A0DD-51A0C7556D0E}"
EndProject
Global
	GlobalSection(SolutionConfigurationPlatforms) = preSolution
		Debug|Any CPU = Debug|Any CPU
		Debug|x64 = Debug|x64
		Debug|x86 = Debug|x86
		Release|Any CPU = Release|Any CPU
		Release|x64 = Release|x64
		Release|x86 = Release|x86
	EndGlobalSection
	GlobalSection(SolutionProperties) = preSolution
		HideSolutionNode = FALSE
	EndGlobalSection
	GlobalSection(ProjectConfigurationPlatforms) = postSolution
		{6D53F280-BC37-4BC0-B08D-2B1D2A948A66}.Debug|Any CPU.ActiveCfg = Debug|Any CPU
		{6D53F280-BC37-4BC0-B08D-2B1D2A948A66}.Debug|Any CPU.Build.0 = Debug|Any CPU
		{6D53F280-BC37-4BC0-B08D-2B1D2A948A66}.Debug|x64.ActiveCfg = Debug|x64
		{6D53F280-BC37-4BC0-B08D-2B1D2A948A66}.Debug|x64.Build.0 = Debug|x64
		{6D53F280-BC37-4BC0-B08D-2B1D2A948A66}.Debug|x86.ActiveCfg = Debug|x86
		{6D53F280-BC37-4BC0-B08D-2B1D2A948A66}.Debug|x86.Build.0 = Debug|x86
		{6D53F280-BC37-4BC0-B08D-2B1D2A948A66}.Release|Any CPU.ActiveCfg = Release|Any CPU
		{6D53F280-BC37-4BC0-B08D-2B1D2A948A66}.Release|Any CPU.Build.0 = Release|Any CPU
		{6D53F280-BC37-4BC0-B08D-2B1D2A948A66}.Release|x64.ActiveCfg = Release|x64
		{6D53F280-BC37-4BC0-B08D-2B1D2A948A66}.Release|x64.Build.0 = Release|x64
		{6D53F280-BC37-4BC0-B08D-2B1D2A948A66}.Release|x86.ActiveCfg = Release|x86
		{6D53F280-BC37-4BC0-B08D-2B1D2A948A66}.Release|x86.Build.0 = Release|x86
		{0EBFD238-1B46-440E-82C6-79634A7B549D}.Debug|Any CPU.ActiveCfg = Debug|Any CPU
		{0EBFD238-1B46-440E-82C6-79634A7B549D}.Debug|Any CPU.Build.0 = Debug|Any CPU
		{0EBFD238-1B46-440E-82C6-79634A7B549D}.Debug|x64.ActiveCfg = Debug|x64
		{0EBFD238-1B46-440E-82C6-79634A7B549D}.Debug|x64.Build.0 = Debug|x64
		{0EBFD238-1B46-440E-82C6-79634A7B549D}.Debug|x86.ActiveCfg = Debug|x86
		{0EBFD238-1B46-440E-82C6-79634A7B549D}.Debug|x86.Build.0 = Debug|x86
		{0EBFD238-1B46-440E-82C6-79634A7B549D}.Release|Any CPU.ActiveCfg = Release|Any CPU
		{0EBFD238-1B46-440E-82C6-79634A7B549D}.Release|Any CPU.Build.0 = Release|Any CPU
		{0EBFD238-1B46-440E-82C6-79634A7B549D}.Release|x64.ActiveCfg = Release|x64
		{0EBFD238-1B46-440E-82C6-79634A7B549D}.Release|x64.Build.0 = Release|x64
		{0EBFD238-1B46-440E-82C6-79634A7B549D}.Release|x86.ActiveCfg = Release|x86
		{0EBFD238-1B46-440E-82C6-79634A7B549D}.Release|x86.Build.0 = Release|x86
		{E135CC74-0885-4D74-95CC-D9BE3CF9D51C}.Debug|Any CPU.ActiveCfg = Debug|Any CPU
		{E135CC74-0885-4D74-95CC-D9BE3CF9D51C}.Debug|Any CPU.Build.0 = Debug|Any CPU
		{E135CC74-0885-4D74-95CC-D9BE3CF9D51C}.Debug|x64.ActiveCfg = Debug|x64
		{E135CC74-0885-4D74-95CC-D9BE3CF9D51C}.Debug|x64.Build.0 = Debug|x64
		{E135CC74-0885-4D74-95CC-D9BE3CF9D51C}.Debug|x86.ActiveCfg = Debug|x86
		{E135CC74-0885-4D74-95CC-D9BE3CF9D51C}.Debug|x86.Build.0 = Debug|x86
		{E135CC74-0885-4D74-95CC-D9BE3CF9D51C}.Release|Any CPU.ActiveCfg = Release|Any CPU
		{E135CC74-0885-4D74-95CC-D9BE3CF9D51C}.Release|Any CPU.Build.0 = Release|Any CPU
		{E135CC74-0885-4D74-95CC-D9BE3CF9D51C}.Release|x64.ActiveCfg = Release|x64
		{E135CC74-0885-4D74-95CC-D9BE3CF9D51C}.Release|x64.Build.0 = Release|x64
		{E135CC74-0885-4D74-95CC-D9BE3CF9D51C}.Release|x86.ActiveCfg = Release|x86
		{E135CC74-0885-4D74-95CC-D9BE3CF9D51C}.Release|x86.Build.0 = Release|x86
		{45B1CEFC-E490-4A6B-BD62-52725BD8CAB1}.Debug|Any CPU.ActiveCfg = Debug|Any CPU
		{45B1CEFC-E490-4A6B-BD62-52725BD8CAB1}.Debug|Any CPU.Build.0 = Debug|Any CPU
		{45B1CEFC-E490-4A6B-BD62-52725BD8CAB1}.Debug|x64.ActiveCfg = Debug|x64
		{45B1CEFC-E490-4A6B-BD62-52725BD8CAB1}.Debug|x64.Build.0 = Debug|x64
		{45B1CEFC-E490-4A6B-BD62-52725BD8CAB1}.Debug|x86.ActiveCfg = Debug|x86
		{45B1CEFC-E490-4A6B-BD62-52725BD8CAB1}.Debug|x86.Build.0 = Debug|x86
		{45B1CEFC-E490-4A6B-BD62-52725BD8CAB1}.Release|Any CPU.ActiveCfg = Release|Any CPU
		{45B1CEFC-E490-4A6B-BD62-52725BD8CAB1}.Release|Any CPU.Build.0 = Release|Any CPU
		{45B1CEFC-E490-4A6B-BD62-52725BD8CAB1}.Release|x64.ActiveCfg = Release|x64
		{45B1CEFC-E490-4A6B-BD62-52725BD8CAB1}.Release|x64.Build.0 = Release|x64
		{45B1CEFC-E490-4A6B-BD62-52725BD8CAB1}.Release|x86.ActiveCfg = Release|x86
		{45B1CEFC-E490-4A6B-BD62-52725BD8CAB1}.Release|x86.Build.0 = Release|x86
		{A8DF0C8E-589B-4763-B59C-6DFAAED2958C}.Debug|Any CPU.ActiveCfg = Debug|Any CPU
		{A8DF0C8E-589B-4763-B59C-6DFAAED2958C}.Debug|Any CPU.Build.0 = Debug|Any CPU
		{A8DF0C8E-589B-4763-B59C-6DFAAED2958C}.Debug|x64.ActiveCfg = Debug|x64
		{A8DF0C8E-589B-4763-B59C-6DFAAED2958C}.Debug|x64.Build.0 = Debug|x64
		{A8DF0C8E-589B-4763-B59C-6DFAAED2958C}.Debug|x86.ActiveCfg = Debug|x86
		{A8DF0C8E-589B-4763-B59C-6DFAAED2958C}.Debug|x86.Build.0 = Debug|x86
		{A8DF0C8E-589B-4763-B59C-6DFAAED2958C}.Release|Any CPU.ActiveCfg = Release|Any CPU
		{A8DF0C8E-589B-4763-B59C-6DFAAED2958C}.Release|Any CPU.Build.0 = Release|Any CPU
		{A8DF0C8E-589B-4763-B59C-6DFAAED2958C}.Release|x64.ActiveCfg = Release|x64
		{A8DF0C8E-589B-4763-B59C-6DFAAED2958C}.Release|x64.Build.0 = Release|x64
		{A8DF0C8E-589B-4763-B59C-6DFAAED2958C}.Release|x86.ActiveCfg = Release|x86
		{A8DF0C8E-589B-4763-B59C-6DFAAED2958C}.Release|x86.Build.0 = Release|x86
		{66BBA925-404A-48B7-A0DD-51A0C7556D0E}.Debug|Any CPU.ActiveCfg = Debug|Any CPU
		{66BBA925-404A-48B7-A0DD-51A0C7556D0E}.Debug|Any CPU.Build.0 = Debug|Any CPU
		{66BBA925-404A-48B7-A0DD-51A0C7556D0E}.Debug|x64.ActiveCfg = Debug|x64
		{66BBA925-404A-48B7-A0DD-51A0C7556D0E}.Debug|x64.Build.0 = Debug|x64
		{66BBA925-404A-48B7-A0DD-51A0C7556D0E}.Debug|x86.ActiveCfg = Debug|x86
		{66BBA925-404A-48B7-A0DD-51A0C7556D0E}.Debug|x86.Build.0 = Debug|x86
		{66BBA925-404A-48B7-A0DD-51A0C7556D0E}.Release|Any CPU.ActiveCfg = Release|Any CPU
		{66BBA925-404A-48B7-A0DD-51A0C7556D0E}.Release|Any CPU.Build.0 = Release|Any CPU
		{66BBA925-404A-48B7-A0DD-51A0C7556D0E}.Release|x64.ActiveCfg = Release|x64
		{66BBA925-404A-48B7-A0DD-51A0C7556D0E}.Release|x64.Build.0 = Release|x64
		{66BBA925-404A-48B7-A0DD-51A0C7556D0E}.Release|x86.ActiveCfg = Release|x86
		{66BBA925-404A-48B7-A0DD-51A0C7556D0E}.Release|x86.Build.0 = Release|x86
	EndGlobalSection
EndGlobal
